# This file is generated by running "yarn install" inside your project.
# Manual changes might be lost - proceed with caution!

__metadata:
  version: 8
  cacheKey: 10c0

"@favware/colorette-spinner@npm:^1.0.1":
  version: 1.0.1
  resolution: "@favware/colorette-spinner@npm:1.0.1"
  dependencies:
    colorette: "npm:*"
  checksum: 10c0/eec0779ca72799aa2ebe071cdd4a0a3adcd13b2d6c5acc2f302b820b95c74a0c602fe150bfa052c9207f2059721abd1c65ffa79df3aa886b2bc45f1b56698dd3
  languageName: node
  linkType: hard

"@sapphire/node-utilities@npm:^1.0.2":
  version: 1.0.2
  resolution: "@sapphire/node-utilities@npm:1.0.2"
  checksum: 10c0/65ec33badf849fb7d23ba6387567c5d2bea488463e5af0e46f9a348efb08346c5559d32a953f279cf4b1669994d774a25471398c26e415ec202e7da62c04c981
  languageName: node
  linkType: hard

"ansi-sequence-parser@npm:^1.1.0":
  version: 1.1.1
  resolution: "ansi-sequence-parser@npm:1.1.1"
  checksum: 10c0/ab2259ccf69f145ecf1418d4e71524158828f44afdf37c7536677871f4cebaa8b176fcb95de8f94a68129357dddc59586597da25f9d4ebf9968f6ef022bf0b31
  languageName: node
  linkType: hard

"argparse@npm:^2.0.1":
  version: 2.0.1
  resolution: "argparse@npm:2.0.1"
  checksum: 10c0/c5640c2d89045371c7cedd6a70212a04e360fd34d6edeae32f6952c63949e3525ea77dbec0289d8213a99bbaeab5abfa860b5c12cf88a2e6cf8106e90dd27a7e
  languageName: node
  linkType: hard

"balanced-match@npm:^1.0.0":
  version: 1.0.2
  resolution: "balanced-match@npm:1.0.2"
  checksum: 10c0/9308baf0a7e4838a82bbfd11e01b1cb0f0cf2893bc1676c27c2a8c0e70cbae1c59120c3268517a8ae7fb6376b4639ef81ca22582611dbee4ed28df945134aaee
  languageName: node
  linkType: hard

"brace-expansion@npm:^2.0.1":
  version: 2.0.1
  resolution: "brace-expansion@npm:2.0.1"
  dependencies:
    balanced-match: "npm:^1.0.0"
  checksum: 10c0/b358f2fe060e2d7a87aa015979ecea07f3c37d4018f8d6deb5bd4c229ad3a0384fe6029bb76cd8be63c81e516ee52d1a0673edbe2023d53a5191732ae3c3e49f
  languageName: node
  linkType: hard

"colorette@npm:*, colorette@npm:^2.0.20":
  version: 2.0.20
  resolution: "colorette@npm:2.0.20"
  checksum: 10c0/e94116ff33b0ff56f3b83b9ace895e5bf87c2a7a47b3401b8c3f3226e050d5ef76cf4072fb3325f9dc24d1698f9b730baf4e05eeaf861d74a1883073f4c98a40
  languageName: node
  linkType: hard

"commander@npm:^12.0.0":
  version: 12.0.0
  resolution: "commander@npm:12.0.0"
  checksum: 10c0/e51cac1d1d0aa1f76581981d2256a9249497e08f5a370bf63b0dfc7e76a647fc8cbc3ddd507928f2bdca6c514c83834e87e2687ace2fe2fc7cc7e631bf80f83d
  languageName: node
  linkType: hard

"docs@workspace:.":
  version: 0.0.0-use.local
  resolution: "docs@workspace:."
  dependencies:
    typedoc-json-parser: "npm:^10.0.0"
  languageName: unknown
  linkType: soft

"js-yaml@npm:^4.1.0":
  version: 4.1.0
  resolution: "js-yaml@npm:4.1.0"
  dependencies:
    argparse: "npm:^2.0.1"
  bin:
    js-yaml: bin/js-yaml.js
  checksum: 10c0/184a24b4eaacfce40ad9074c64fd42ac83cf74d8c8cd137718d456ced75051229e5061b8633c3366b8aada17945a7a356b337828c19da92b51ae62126575018f
  languageName: node
  linkType: hard

"jsonc-parser@npm:^3.2.0":
  version: 3.2.1
  resolution: "jsonc-parser@npm:3.2.1"
  checksum: 10c0/ada66dec143d7f9cb0e2d0d29c69e9ce40d20f3a4cb96b0c6efb745025ac7f9ba647d7ac0990d0adfc37a2d2ae084a12009a9c833dbdbeadf648879a99b9df89
  languageName: node
  linkType: hard

"lunr@npm:^2.3.9":
  version: 2.3.9
  resolution: "lunr@npm:2.3.9"
  checksum: 10c0/77d7dbb4fbd602aac161e2b50887d8eda28c0fa3b799159cee380fbb311f1e614219126ecbbd2c3a9c685f1720a8109b3c1ca85cc893c39b6c9cc6a62a1d8a8b
  languageName: node
  linkType: hard

"marked@npm:^4.3.0":
  version: 4.3.0
  resolution: "marked@npm:4.3.0"
  bin:
    marked: bin/marked.js
  checksum: 10c0/0013463855e31b9c88d8bb2891a611d10ef1dc79f2e3cbff1bf71ba389e04c5971298c886af0be799d7fa9aa4593b086a136062d59f1210b0480b026a8c5dc47
  languageName: node
  linkType: hard

"minimatch@npm:^9.0.3":
  version: 9.0.4
  resolution: "minimatch@npm:9.0.4"
  dependencies:
    brace-expansion: "npm:^2.0.1"
  checksum: 10c0/2c16f21f50e64922864e560ff97c587d15fd491f65d92a677a344e970fe62aafdbeafe648965fa96d33c061b4d0eabfe0213466203dd793367e7f28658cf6414
  languageName: node
  linkType: hard

"shiki@npm:^0.14.7":
  version: 0.14.7
  resolution: "shiki@npm:0.14.7"
  dependencies:
    ansi-sequence-parser: "npm:^1.1.0"
    jsonc-parser: "npm:^3.2.0"
    vscode-oniguruma: "npm:^1.7.0"
    vscode-textmate: "npm:^8.0.0"
  checksum: 10c0/5c7fcbb870d0facccc7ae2f3410a28121f8e0b3f298e4e956de817ad6ab60a4c7e20a9184edfe50a93447addbb88b95b69e6ef88ac16ac6ca3e94c50771a6459
  languageName: node
  linkType: hard

"tslib@npm:^2.6.2":
  version: 2.6.2
  resolution: "tslib@npm:2.6.2"
  checksum: 10c0/e03a8a4271152c8b26604ed45535954c0a45296e32445b4b87f8a5abdb2421f40b59b4ca437c4346af0f28179780d604094eb64546bee2019d903d01c6c19bdb
  languageName: node
  linkType: hard

"typedoc-json-parser@npm:^10.0.0":
  version: 10.0.0
  resolution: "typedoc-json-parser@npm:10.0.0"
  dependencies:
    "@favware/colorette-spinner": "npm:^1.0.1"
    "@sapphire/node-utilities": "npm:^1.0.2"
    colorette: "npm:^2.0.20"
    commander: "npm:^12.0.0"
    js-yaml: "npm:^4.1.0"
    tslib: "npm:^2.6.2"
    typedoc: "npm:^0.25.13"
    typescript: "npm:^5.4.5"
  bin:
    typedoc-json-parser: ./dist/bin/index.js
  checksum: 10c0/cdff182dd08670ebc84bb9ad38889a1796d40ddfe19f62a2a1344020d8464a384d9709829be450b257e8759d3ef82da8db3b854e3d95740893c25c51d3c2de89
  languageName: node
  linkType: hard

"typedoc@npm:^0.25.13":
  version: 0.25.13
  resolution: "typedoc@npm:0.25.13"
  dependencies:
    lunr: "npm:^2.3.9"
    marked: "npm:^4.3.0"
    minimatch: "npm:^9.0.3"
    shiki: "npm:^0.14.7"
  peerDependencies:
    typescript: 4.6.x || 4.7.x || 4.8.x || 4.9.x || 5.0.x || 5.1.x || 5.2.x || 5.3.x || 5.4.x
  bin:
    typedoc: bin/typedoc
  checksum: 10c0/13878e6a9fc2b65d65e3b514efa11b43bdfd57149861cefc4a969ec213f4bc4b36ee9239d0b654ae18bcbbd5174206d409383f9000b7bdea22da1945f7ac91de
  languageName: node
  linkType: hard

"typescript@npm:^5.4.5":
  version: 5.4.5
  resolution: "typescript@npm:5.4.5"
  bin:
    tsc: bin/tsc
    tsserver: bin/tsserver
  checksum: 10c0/2954022ada340fd3d6a9e2b8e534f65d57c92d5f3989a263754a78aba549f7e6529acc1921913560a4b816c46dce7df4a4d29f9f11a3dc0d4213bb76d043251e
  languageName: node
  linkType: hard

"typescript@patch:typescript@npm%3A^5.4.5#optional!builtin<compat/typescript>":
  version: 5.4.5
  resolution: "typescript@patch:typescript@npm%3A5.4.5#optional!builtin<compat/typescript>::version=5.4.5&hash=5adc0c"
  bin:
    tsc: bin/tsc
    tsserver: bin/tsserver
  checksum: 10c0/db2ad2a16ca829f50427eeb1da155e7a45e598eec7b086d8b4e8ba44e5a235f758e606d681c66992230d3fc3b8995865e5fd0b22a2c95486d0b3200f83072ec9
  languageName: node
  linkType: hard

"vscode-oniguruma@npm:^1.7.0":
  version: 1.7.0
  resolution: "vscode-oniguruma@npm:1.7.0"
  checksum: 10c0/bef0073c665ddf8c86e51da94529c905856559e9aba97a9882f951acd572da560384775941ab6e7e8db94d9c578b25fefb951e4b73c37e8712e16b0231de2689
  languageName: node
  linkType: hard

"vscode-textmate@npm:^8.0.0":
  version: 8.0.0
  resolution: "vscode-textmate@npm:8.0.0"
  checksum: 10c0/836f7fe73fc94998a38ca193df48173a2b6eab08b4943d83c8cac9a2a0c3546cfdab4cf1b10b890ec4a4374c5bee03a885ef0e83e7fd2bd618cf00781c017c04
  languageName: node
  linkType: hard
